
Microsoft Visual Studio Solution File, Format Version 12.00
# Visual Studio Version 17
VisualStudioVersion = 17.14.37502.11 d17.14
MinimumVisualStudioVersion = 10.0.40219.1
Project("{FAE04EC0-301F-11D3-BF4B-00C04F79EFBC}") = "VideoHashSharp", "VideoHashSharp.csproj", "{AF74A558-56DC-47CC-BE3D-F81E1E0CA897}"
EndProject
Global
	GlobalSection(SolutionConfigurationPlatforms) = preSolution
		Debug|Any CPU = Debug|Any CPU
		Release|Any CPU = Release|Any CPU
	EndGlobalSection
	GlobalSection(ProjectConfigurationPlatforms) = postSolution
		{AF74A558-56DC-47CC-BE3D-F81E1E0CA897}.Debug|Any CPU.ActiveCfg = Debug|Any CPU
		{AF74A558-56DC-47CC-BE3D-F81E1E0CA897}.Debug|Any CPU.Build.0 = Debug|Any CPU
		{AF74A558-56DC-47CC-BE3D-F81E1E0CA897}.Release|Any CPU.ActiveCfg = Release|Any CPU
		{AF74A558-56DC-47CC-BE3D-F81E1E0CA897}.Release|Any CPU.Build.0 = Release|Any CPU
	EndGlobalSection
	GlobalSection(SolutionProperties) = preSolution
		HideSolutionNode = FALSE
	EndGlobalSection
	GlobalSection(ExtensibilityGlobals) = postSolution
		SolutionGuid = {35C79566-F67B-410D-9A30-6A2F45407895}
	EndGlobalSection
EndGlobal
